{
  "name": "2",
  "version": "1.0.0",
  "lockfileVersion": 3,
  "requires": true,
  "packages": {
    "": {
      "name": "2",
      "version": "1.0.0",
      "license": "ISC",
      "dependencies": {
        "@pixiv/three-vrm": "^3.3.4",
        "fs": "^0.0.1-security",
        "http": "^0.0.1-security",
        "three": "^0.169.0",
        "uuid": "^11.1.0",
        "ws": "^8.18.0"
      }
    },
    "node_modules/@pixiv/three-vrm": {
      "version": "3.3.4",
      "resolved": "https://registry.npmjs.org/@pixiv/three-vrm/-/three-vrm-3.3.4.tgz",
      "integrity": "sha512-9i4JaVVXvs/FvMfrBDvHiHXejX6w1BsdYPpWKMBFHazHwQN5yFP7vUObKz6UPjivw+QVwIHfbKu+FqQsAMM41Q==",
      "license": "MIT",
      "dependencies": {
        "@pixiv/three-vrm-core": "3.3.4",
        "@pixiv/three-vrm-materials-hdr-emissive-multiplier": "3.3.4",
        "@pixiv/three-vrm-materials-mtoon": "3.3.4",
        "@pixiv/three-vrm-materials-v0compat": "3.3.4",
        "@pixiv/three-vrm-node-constraint": "3.3.4",
        "@pixiv/three-vrm-springbone": "3.3.4"
      },
      "peerDependencies": {
        "three": ">=0.137"
      }
    },
    "node_modules/@pixiv/three-vrm-core": {
      "version": "3.3.4",
      "resolved": "https://registry.npmjs.org/@pixiv/three-vrm-core/-/three-vrm-core-3.3.4.tgz",
      "integrity": "sha512-n+CIGoK91tRDr0j0fqdjRbmV3LTTUztSu7Qqk3FHef8elnZlxPqlfqjvrt17ucgTOstszoYefYlwyL1L+eaRug==",
      "license": "MIT",
      "dependencies": {
        "@pixiv/types-vrm-0.0": "3.3.4",
        "@pixiv/types-vrmc-vrm-1.0": "3.3.4"
      },
      "peerDependencies": {
        "three": ">=0.137"
      }
    },
    "node_modules/@pixiv/three-vrm-materials-hdr-emissive-multiplier": {
      "version": "3.3.4",
      "resolved": "https://registry.npmjs.org/@pixiv/three-vrm-materials-hdr-emissive-multiplier/-/three-vrm-materials-hdr-emissive-multiplier-3.3.4.tgz",
      "integrity": "sha512-IARBJuOdG7DpiHxko3pkcnySQOK5Rat3XpdTfsKj0gEZpgYeLkIG86Tc37l3p7/Si34XRUcs5hgp1z6QCCNi+w==",
      "license": "MIT",
      "dependencies": {
        "@pixiv/types-vrmc-materials-hdr-emissive-multiplier-1.0": "3.3.4"
      },
      "peerDependencies": {
        "three": ">=0.137"
      }
    },
    "node_modules/@pixiv/three-vrm-materials-mtoon": {
      "version": "3.3.4",
      "resolved": "https://registry.npmjs.org/@pixiv/three-vrm-materials-mtoon/-/three-vrm-materials-mtoon-3.3.4.tgz",
      "integrity": "sha512-lSOEkphxpZ8JpcCXSTX1ZCFn1fYSPNUwpMLocsyJUl5WKK7On5Y1mqCMyKeCdx58+1TF/Mh478Pwyp4a5ltKWg==",
      "license": "MIT",
      "dependencies": {
        "@pixiv/types-vrm-0.0": "3.3.4",
        "@pixiv/types-vrmc-materials-mtoon-1.0": "3.3.4"
      },
      "peerDependencies": {
        "three": ">=0.137"
      }
    },
    "node_modules/@pixiv/three-vrm-materials-v0compat": {
      "version": "3.3.4",
      "resolved": "https://registry.npmjs.org/@pixiv/three-vrm-materials-v0compat/-/three-vrm-materials-v0compat-3.3.4.tgz",
      "integrity": "sha512-Sx+J8RivdGnLwtYcdrVSGRzq/f5stNzHpSyE2fRiZOD4iwGCCxHGRniA0JusGNtOVl2K62IRFpGzoy9mSS/yUg==",
      "license": "MIT",
      "dependencies": {
        "@pixiv/types-vrm-0.0": "3.3.4",
        "@pixiv/types-vrmc-materials-mtoon-1.0": "3.3.4"
      },
      "peerDependencies": {
        "three": ">=0.137"
      }
    },
    "node_modules/@pixiv/three-vrm-node-constraint": {
      "version": "3.3.4",
      "resolved": "https://registry.npmjs.org/@pixiv/three-vrm-node-constraint/-/three-vrm-node-constraint-3.3.4.tgz",
      "integrity": "sha512-oMKnWQuGplPSrBPkcVVAYTlnboMHly3SbyfW5ur+2Gzee0svj9Pf/lfWsinzmtElkihsCdrwsTWi8imV9KBoeg==",
      "license": "MIT",
      "dependencies": {
        "@pixiv/types-vrmc-node-constraint-1.0": "3.3.4"
      },
      "peerDependencies": {
        "three": ">=0.137"
      }
    },
    "node_modules/@pixiv/three-vrm-springbone": {
      "version": "3.3.4",
      "resolved": "https://registry.npmjs.org/@pixiv/three-vrm-springbone/-/three-vrm-springbone-3.3.4.tgz",
      "integrity": "sha512-9iQWVcLixsXWmgEsCoLeuKvjuRSM8/rqI1VsCvpeG4ILn/uW3yhqV3B+CPy/2X/f//qv9sRUiFu5YIOTAFFTnA==",
      "license": "MIT",
      "dependencies": {
        "@pixiv/types-vrm-0.0": "3.3.4",
        "@pixiv/types-vrmc-springbone-1.0": "3.3.4",
        "@pixiv/types-vrmc-springbone-extended-collider-1.0": "3.3.4"
      },
      "peerDependencies": {
        "three": ">=0.137"
      }
    },
    "node_modules/@pixiv/types-vrm-0.0": {
      "version": "3.3.4",
      "resolved": "https://registry.npmjs.org/@pixiv/types-vrm-0.0/-/types-vrm-0.0-3.3.4.tgz",
      "integrity": "sha512-/mV5HviKPJitvJSOcVkOuOBJpAvpGDEOP5xUiUNm3JGfBJvf4Z4LI+LhVKizcAXrdk/+b5Zyiidh7fcu25CdRw==",
      "license": "MIT"
    },
    "node_modules/@pixiv/types-vrmc-materials-hdr-emissive-multiplier-1.0": {
      "version": "3.3.4",
      "resolved": "https://registry.npmjs.org/@pixiv/types-vrmc-materials-hdr-emissive-multiplier-1.0/-/types-vrmc-materials-hdr-emissive-multiplier-1.0-3.3.4.tgz",
      "integrity": "sha512-BbTu4O+DFT4/Vr8G0p7cZ1aTN072S5oFZO7cun8xNDh/sL3oLq1yX/NmXgp7ahPnkaGmDAIVtFugZwjHg2k90w==",
      "license": "MIT"
    },
    "node_modules/@pixiv/types-vrmc-materials-mtoon-1.0": {
      "version": "3.3.4",
      "resolved": "https://registry.npmjs.org/@pixiv/types-vrmc-materials-mtoon-1.0/-/types-vrmc-materials-mtoon-1.0-3.3.4.tgz",
      "integrity": "sha512-/gxxeYHBpuj6YEWl3W9bQF0qFVj7kXbSDPIWSfMTrryupIC4SuRIjPvacU3n/cKuRRIngFeTGqFMhG64dilx5g==",
      "license": "MIT"
    },
    "node_modules/@pixiv/types-vrmc-node-constraint-1.0": {
      "version": "3.3.4",
      "resolved": "https://registry.npmjs.org/@pixiv/types-vrmc-node-constraint-1.0/-/types-vrmc-node-constraint-1.0-3.3.4.tgz",
      "integrity": "sha512-+Z/c+VmvaWdKmeKubg41Ovf/Hb+yemPfBCaID/kyQSANW+ZcykiRfP/qC4/6uuUf2IrmdzCa2p8y9pramRtQkw==",
      "license": "MIT"
    },
    "node_modules/@pixiv/types-vrmc-springbone-1.0": {
      "version": "3.3.4",
      "resolved": "https://registry.npmjs.org/@pixiv/types-vrmc-springbone-1.0/-/types-vrmc-springbone-1.0-3.3.4.tgz",
      "integrity": "sha512-tkkcZqS0OxKA90fHLNt9lwunpdmGat/ce8H6n5lrvjpCC6qlCvB4S/BsjSKSV3u5PMmkKYjrrk7dpvoWnMsSLg==",
      "license": "MIT"
    },
    "node_modules/@pixiv/types-vrmc-springbone-extended-collider-1.0": {
      "version": "3.3.4",
      "resolved": "https://registry.npmjs.org/@pixiv/types-vrmc-springbone-extended-collider-1.0/-/types-vrmc-springbone-extended-collider-1.0-3.3.4.tgz",
      "integrity": "sha512-45VuCCCXaZdiDL4Bh0fJuVoDa0amqCoElT+bi9H8IHujoWUQO8Mu65IxhNSLIuWkSKZsJ4UkY1a20K87/cUCkQ==",
      "license": "MIT"
    },
    "node_modules/@pixiv/types-vrmc-vrm-1.0": {
      "version": "3.3.4",
      "resolved": "https://registry.npmjs.org/@pixiv/types-vrmc-vrm-1.0/-/types-vrmc-vrm-1.0-3.3.4.tgz",
      "integrity": "sha512-Pc21xhkyiFg5pOR18OJnUoRt7Ld10kitpMtClechXiMudgbcZl+XSb/zpk0FspZlbyj7LXppPrlEiIHOn0uAHA==",
      "license": "MIT"
    },
    "node_modules/fs": {
      "version": "0.0.1-security",
      "resolved": "https://registry.npmjs.org/fs/-/fs-0.0.1-security.tgz",
      "integrity": "sha512-3XY9e1pP0CVEUCdj5BmfIZxRBTSDycnbqhIOGec9QYtmVH2fbLpj86CFWkrNOkt/Fvty4KZG5lTglL9j/gJ87w==",
      "license": "ISC"
    },
    "node_modules/http": {
      "version": "0.0.1-security",
      "resolved": "https://registry.npmjs.org/http/-/http-0.0.1-security.tgz",
      "integrity": "sha512-RnDvP10Ty9FxqOtPZuxtebw1j4L/WiqNMDtuc1YMH1XQm5TgDRaR1G9u8upL6KD1bXHSp9eSXo/ED+8Q7FAr+g=="
    },
    "node_modules/three": {
      "version": "0.169.0",
      "resolved": "https://registry.npmjs.org/three/-/three-0.169.0.tgz",
      "integrity": "sha512-Ed906MA3dR4TS5riErd4QBsRGPcx+HBDX2O5yYE5GqJeFQTPU+M56Va/f/Oph9X7uZo3W3o4l2ZhBZ6f6qUv0w==",
      "license": "MIT"
    },
    "node_modules/uuid": {
      "version": "11.1.0",
      "resolved": "https://registry.npmjs.org/uuid/-/uuid-11.1.0.tgz",
      "integrity": "sha512-0/A9rDy9P7cJ+8w1c9WD9V//9Wj15Ce2MPz8Ri6032usz+NfePxx5AcN3bN+r6ZL6jEo066/yNYB3tn4pQEx+A==",
      "funding": [
        "https://github.com/sponsors/broofa",
        "https://github.com/sponsors/ctavan"
      ],
      "license": "MIT",
      "bin": {
        "uuid": "dist/esm/bin/uuid"
      }
    },
    "node_modules/ws": {
      "version": "8.18.0",
      "resolved": "https://registry.npmjs.org/ws/-/ws-8.18.0.tgz",
      "integrity": "sha512-8VbfWfHLbbwu3+N6OKsOMpBdT4kXPDDB9cJk2bJ6mh9ucxdlnNvH1e+roYkKmN9Nxw2yjz7VzeO9oOz2zJ04Pw==",
      "license": "MIT",
      "engines": {
        "node": ">=10.0.0"
      },
      "peerDependencies": {
        "bufferutil": "^4.0.1",
        "utf-8-validate": ">=5.0.2"
      },
      "peerDependenciesMeta": {
        "bufferutil": {
          "optional": true
        },
        "utf-8-validate": {
          "optional": true
        }
      }
    }
  }
}
